
Microsoft Visual Studio Solution File, Format Version 12.00
# Visual Studio Version 17
VisualStudioVersion = 17.10.35027.167
MinimumVisualStudioVersion = 10.0.40219.1
Project("{FAE04EC0-301F-11D3-BF4B-00C04F79EFBC}") = "FieldScout", "FieldScout\FieldScout.csproj", "{BE964801-9453-434F-BF57-277C1F72D495}"
EndProject
Global
	GlobalSection(SolutionConfigurationPlatforms) = preSolution
		Debug|Any CPU = Debug|Any CPU
		Release|Any CPU = Release|Any CPU
	EndGlobalSection
	GlobalSection(ProjectConfigurationPlatforms) = postSolution
		{BE964801-9453-434F-BF57-277C1F72D495}.Debug|Any CPU.ActiveCfg = Debug|Any CPU
		{BE964801-9453-434F-BF57-277C1F72D495}.Debug|Any CPU.Build.0 = Debug|Any CPU
		{BE964801-9453-434F-BF57-277C1F72D495}.Release|Any CPU.ActiveCfg = Release|Any CPU
		{BE964801-9453-434F-BF57-277C1F72D495}.Release|Any CPU.Build.0 = Release|Any CPU
	EndGlobalSection
	GlobalSection(SolutionProperties) = preSolution
		HideSolutionNode = FALSE
	EndGlobalSection
	GlobalSection(ExtensibilityGlobals) = postSolution
		SolutionGuid = {4DB5B36A-0F0C-426A-BFE4-0704F5F8EDA5}
	EndGlobalSection
EndGlobal
